
Microsoft Visual Studio Solution File, Format Version 12.00
# Visual Studio Version 17
VisualStudioVersion = 17.7.34202.233
MinimumVisualStudioVersion = 10.0.40219.1
Project("{778DAE3C-4631-46EA-AA77-85C1314464D9}") = "project mtmc", "project mtmc.vbproj", "{FEC92995-D875-481C-A516-5CB64F84D7B4}"
EndProject
Global
	GlobalSection(SolutionConfigurationPlatforms) = preSolution
		Debug|Any CPU = Debug|Any CPU
		Release|Any CPU = Release|Any CPU
	EndGlobalSection
	GlobalSection(ProjectConfigurationPlatforms) = postSolution
		{FEC92995-D875-481C-A516-5CB64F84D7B4}.Debug|Any CPU.ActiveCfg = Debug|Any CPU
		{FEC92995-D875-481C-A516-5CB64F84D7B4}.Debug|Any CPU.Build.0 = Debug|Any CPU
		{FEC92995-D875-481C-A516-5CB64F84D7B4}.Release|Any CPU.ActiveCfg = Release|Any CPU
		{FEC92995-D875-481C-A516-5CB64F84D7B4}.Release|Any CPU.Build.0 = Release|Any CPU
	EndGlobalSection
	GlobalSection(SolutionProperties) = preSolution
		HideSolutionNode = FALSE
	EndGlobalSection
	GlobalSection(ExtensibilityGlobals) = postSolution
		SolutionGuid = {E260E11C-08E4-4E29-B90F-5E2FEC83CB36}
	EndGlobalSection
EndGlobal
